
Microsoft Visual Studio Solution File, Format Version 11.00
# Visual Studio 2010
Project("{FAE04EC0-301F-11D3-BF4B-00C04F79EFBC}") = "Assembly-CSharp", "Assembly-CSharp.csproj", "{75d3313a-81ee-12c5-705c-f8092ee4375d}"
EndProject
Project("{FAE04EC0-301F-11D3-BF4B-00C04F79EFBC}") = "UniEx.Tests", "UniEx.Tests.csproj", "{b524c88a-4043-5617-6d88-715fa3361f3a}"
EndProject
Project("{FAE04EC0-301F-11D3-BF4B-00C04F79EFBC}") = "UniEx", "UniEx.csproj", "{b3010509-90a3-5bfc-1ac4-7d04c8f65ce7}"
EndProject
Global
	GlobalSection(SolutionConfigurationPlatforms) = preSolution
		Debug|Any CPU = Debug|Any CPU
	EndGlobalSection
	GlobalSection(ProjectConfigurationPlatforms) = postSolution
		{75d3313a-81ee-12c5-705c-f8092ee4375d}.Debug|Any CPU.ActiveCfg = Debug|Any CPU
		{75d3313a-81ee-12c5-705c-f8092ee4375d}.Debug|Any CPU.Build.0 = Debug|Any CPU
		{b524c88a-4043-5617-6d88-715fa3361f3a}.Debug|Any CPU.ActiveCfg = Debug|Any CPU
		{b524c88a-4043-5617-6d88-715fa3361f3a}.Debug|Any CPU.Build.0 = Debug|Any CPU
		{b3010509-90a3-5bfc-1ac4-7d04c8f65ce7}.Debug|Any CPU.ActiveCfg = Debug|Any CPU
		{b3010509-90a3-5bfc-1ac4-7d04c8f65ce7}.Debug|Any CPU.Build.0 = Debug|Any CPU
	EndGlobalSection
	GlobalSection(SolutionProperties) = preSolution
		HideSolutionNode = FALSE
	EndGlobalSection
EndGlobal
